// !$*UTF8*$!
{
	archiveVersion = 1;
	classes = {
	};
	objectVersion = 51;
	objects = {

/* Begin PBXBuildFile section */
		001B552835857155C9E31AE4 /* Pods_Rapture.framework in Frameworks */ = {isa = PBXBuildFile; fileRef = ABF9B8B6F37E51E4AF6C80A2 /* Pods_Rapture.framework */; };
		57289F76270E383B001D4CD7 /* ImagePicker.swift in Sources */ = {isa = PBXBuildFile; fileRef = 57289F75270E383B001D4CD7 /* ImagePicker.swift */; };
		57289F7E270F0A6E001D4CD7 /* AuthService.swift in Sources */ = {isa = PBXBuildFile; fileRef = 57289F7D270F0A6E001D4CD7 /* AuthService.swift */; };
		57289F80270F0A87001D4CD7 /* StorageService.swift in Sources */ = {isa = PBXBuildFile; fileRef = 57289F7F270F0A87001D4CD7 /* StorageService.swift */; };
		57289F82270F1565001D4CD7 /* User.swift in Sources */ = {isa = PBXBuildFile; fileRef = 57289F81270F1565001D4CD7 /* User.swift */; };
		57289F85270F15E3001D4CD7 /* Extensions.swift in Sources */ = {isa = PBXBuildFile; fileRef = 57289F84270F15E3001D4CD7 /* Extensions.swift */; };
		57289F87270F1A9F001D4CD7 /* SessionStore.swift in Sources */ = {isa = PBXBuildFile; fileRef = 57289F86270F1A9F001D4CD7 /* SessionStore.swift */; };
		5732403227184E51000DA117 /* ProfileHeader.swift in Sources */ = {isa = PBXBuildFile; fileRef = 5732403127184E51000DA117 /* ProfileHeader.swift */; };
		573240342718611E000DA117 /* PostCardService.swift in Sources */ = {isa = PBXBuildFile; fileRef = 573240332718611E000DA117 /* PostCardService.swift */; };
		57324036271869D0000DA117 /* ProfileService.swift in Sources */ = {isa = PBXBuildFile; fileRef = 57324035271869D0000DA117 /* ProfileService.swift */; };
		5732403927186B6E000DA117 /* PostCardView.swift in Sources */ = {isa = PBXBuildFile; fileRef = 5732403827186B6E000DA117 /* PostCardView.swift */; };
		5732403B27186E85000DA117 /* PostCard.swift in Sources */ = {isa = PBXBuildFile; fileRef = 5732403A27186E85000DA117 /* PostCard.swift */; };
		5742350227051B3A00BA2B23 /* HomeView.swift in Sources */ = {isa = PBXBuildFile; fileRef = 5742350127051B3A00BA2B23 /* HomeView.swift */; };
		57423506270526FA00BA2B23 /* SignInView.swift in Sources */ = {isa = PBXBuildFile; fileRef = 57423505270526FA00BA2B23 /* SignInView.swift */; };
		575C6F60271754F800D776E8 /* ProfileView.swift in Sources */ = {isa = PBXBuildFile; fileRef = 575C6F5F271754F800D776E8 /* ProfileView.swift */; };
		575C6F632717556D00D776E8 /* NewPostView.swift in Sources */ = {isa = PBXBuildFile; fileRef = 575C6F622717556D00D776E8 /* NewPostView.swift */; };
		575C6F66271755E700D776E8 /* MainView.swift in Sources */ = {isa = PBXBuildFile; fileRef = 575C6F65271755E700D776E8 /* MainView.swift */; };
		575C6F68271778D700D776E8 /* Post.swift in Sources */ = {isa = PBXBuildFile; fileRef = 575C6F67271778D700D776E8 /* Post.swift */; };
		575C6F6A27177B3500D776E8 /* PostService.swift in Sources */ = {isa = PBXBuildFile; fileRef = 575C6F6927177B3500D776E8 /* PostService.swift */; };
		575E8FDE2706211200C2D05A /* Gilroy-SemiBold.ttf in Resources */ = {isa = PBXBuildFile; fileRef = 575E8FDD2706211200C2D05A /* Gilroy-SemiBold.ttf */; };
		575E8FE127062FD800C2D05A /* SignUpView.swift in Sources */ = {isa = PBXBuildFile; fileRef = 575E8FE027062FD800C2D05A /* SignUpView.swift */; };
		575E8FE4270638DD00C2D05A /* ErrorView.swift in Sources */ = {isa = PBXBuildFile; fileRef = 575E8FE3270638DD00C2D05A /* ErrorView.swift */; };
		578E41122721601000592D0A /* SearchBar.swift in Sources */ = {isa = PBXBuildFile; fileRef = 578E41112721601000592D0A /* SearchBar.swift */; };
		578E4115272160C600592D0A /* SearchView.swift in Sources */ = {isa = PBXBuildFile; fileRef = 578E4114272160C600592D0A /* SearchView.swift */; };
		578E41172721663B00592D0A /* SearchService.swift in Sources */ = {isa = PBXBuildFile; fileRef = 578E41162721663B00592D0A /* SearchService.swift */; };
		578E41192721808A00592D0A /* FollowService.swift in Sources */ = {isa = PBXBuildFile; fileRef = 578E41182721808A00592D0A /* FollowService.swift */; };
		578E411B272183B700592D0A /* FollowButton.swift in Sources */ = {isa = PBXBuildFile; fileRef = 578E411A272183B700592D0A /* FollowButton.swift */; };
		578E411E2721860000592D0A /* UserProfileView.swift in Sources */ = {isa = PBXBuildFile; fileRef = 578E411D2721860000592D0A /* UserProfileView.swift */; };
		578E41222721912900592D0A /* MainService.swift in Sources */ = {isa = PBXBuildFile; fileRef = 578E41212721912900592D0A /* MainService.swift */; };
		578E41242721B06100592D0A /* Comment.swift in Sources */ = {isa = PBXBuildFile; fileRef = 578E41232721B06100592D0A /* Comment.swift */; };
		578E41262721B0D000592D0A /* CommentService.swift in Sources */ = {isa = PBXBuildFile; fileRef = 578E41252721B0D000592D0A /* CommentService.swift */; };
		578E41292721B8A000592D0A /* CommentCard.swift in Sources */ = {isa = PBXBuildFile; fileRef = 578E41282721B8A000592D0A /* CommentCard.swift */; };
		578E412B2721BA4C00592D0A /* CommentInput.swift in Sources */ = {isa = PBXBuildFile; fileRef = 578E412A2721BA4C00592D0A /* CommentInput.swift */; };
		578E412E2721BC9700592D0A /* CommentView.swift in Sources */ = {isa = PBXBuildFile; fileRef = 578E412D2721BC9700592D0A /* CommentView.swift */; };
		5798A94F26FB829C00337D7F /* RaptureApp.swift in Sources */ = {isa = PBXBuildFile; fileRef = 5798A94E26FB829C00337D7F /* RaptureApp.swift */; };
		5798A95126FB829C00337D7F /* ContentView.swift in Sources */ = {isa = PBXBuildFile; fileRef = 5798A95026FB829C00337D7F /* ContentView.swift */; };
		5798A95326FB829D00337D7F /* Assets.xcassets in Resources */ = {isa = PBXBuildFile; fileRef = 5798A95226FB829D00337D7F /* Assets.xcassets */; };
		5798A95626FB829D00337D7F /* Preview Assets.xcassets in Resources */ = {isa = PBXBuildFile; fileRef = 5798A95526FB829D00337D7F /* Preview Assets.xcassets */; };
		5798A95E26FB86B900337D7F /* GoogleService-Info.plist in Resources */ = {isa = PBXBuildFile; fileRef = 5798A95D26FB86B900337D7F /* GoogleService-Info.plist */; };
		57CC0FC12704F18100D853CC /* Gilroy-Regular.ttf in Resources */ = {isa = PBXBuildFile; fileRef = 57CC0FBE2704F18000D853CC /* Gilroy-Regular.ttf */; };
		57CC0FC22704F18100D853CC /* Gilroy-Light.ttf in Resources */ = {isa = PBXBuildFile; fileRef = 57CC0FBF2704F18100D853CC /* Gilroy-Light.ttf */; };
		57CC0FC32704F18100D853CC /* Gilroy-Bold.ttf in Resources */ = {isa = PBXBuildFile; fileRef = 57CC0FC02704F18100D853CC /* Gilroy-Bold.ttf */; };
		57CC0FC72704F26100D853CC /* OnboardingView.swift in Sources */ = {isa = PBXBuildFile; fileRef = 57CC0FC62704F26100D853CC /* OnboardingView.swift */; };
		57CC0FCA2704F39000D853CC /* LaunchScreen.storyboard in Resources */ = {isa = PBXBuildFile; fileRef = 57CC0FC92704F39000D853CC /* LaunchScreen.storyboard */; };
		57CC0FCC2704F8E500D853CC /* Item.swift in Sources */ = {isa = PBXBuildFile; fileRef = 57CC0FCB2704F8E500D853CC /* Item.swift */; };
		57CC0FCF2704FD1900D853CC /* OffsetPageTabView.swift in Sources */ = {isa = PBXBuildFile; fileRef = 57CC0FCE2704FD1900D853CC /* OffsetPageTabView.swift */; };
/* End PBXBuildFile section */

/* Begin PBXFileReference section */
		57289F75270E383B001D4CD7 /* ImagePicker.swift */ = {isa = PBXFileReference; lastKnownFileType = sourcecode.swift; path = ImagePicker.swift; sourceTree = "<group>"; };
		57289F7D270F0A6E001D4CD7 /* AuthService.swift */ = {isa = PBXFileReference; lastKnownFileType = sourcecode.swift; path = AuthService.swift; sourceTree = "<group>"; };
		57289F7F270F0A87001D4CD7 /* StorageService.swift */ = {isa = PBXFileReference; lastKnownFileType = sourcecode.swift; path = StorageService.swift; sourceTree = "<group>"; };
		57289F81270F1565001D4CD7 /* User.swift */ = {isa = PBXFileReference; lastKnownFileType = sourcecode.swift; path = User.swift; sourceTree = "<group>"; };
		57289F84270F15E3001D4CD7 /* Extensions.swift */ = {isa = PBXFileReference; lastKnownFileType = sourcecode.swift; path = Extensions.swift; sourceTree = "<group>"; };
		57289F86270F1A9F001D4CD7 /* SessionStore.swift */ = {isa = PBXFileReference; lastKnownFileType = sourcecode.swift; path = SessionStore.swift; sourceTree = "<group>"; };
		5732403127184E51000DA117 /* ProfileHeader.swift */ = {isa = PBXFileReference; lastKnownFileType = sourcecode.swift; path = ProfileHeader.swift; sourceTree = "<group>"; };
		573240332718611E000DA117 /* PostCardService.swift */ = {isa = PBXFileReference; lastKnownFileType = sourcecode.swift; path = PostCardService.swift; sourceTree = "<group>"; };
		57324035271869D0000DA117 /* ProfileService.swift */ = {isa = PBXFileReference; lastKnownFileType = sourcecode.swift; path = ProfileService.swift; sourceTree = "<group>"; };
		5732403827186B6E000DA117 /* PostCardView.swift */ = {isa = PBXFileReference; lastKnownFileType = sourcecode.swift; path = PostCardView.swift; sourceTree = "<group>"; };
		5732403A27186E85000DA117 /* PostCard.swift */ = {isa = PBXFileReference; lastKnownFileType = sourcecode.swift; path = PostCard.swift; sourceTree = "<group>"; };
		5742350127051B3A00BA2B23 /* HomeView.swift */ = {isa = PBXFileReference; lastKnownFileType = sourcecode.swift; path = HomeView.swift; sourceTree = "<group>"; };
		57423505270526FA00BA2B23 /* SignInView.swift */ = {isa = PBXFileReference; lastKnownFileType = sourcecode.swift; path = SignInView.swift; sourceTree = "<group>"; };
		575C6F5F271754F800D776E8 /* ProfileView.swift */ = {isa = PBXFileReference; lastKnownFileType = sourcecode.swift; path = ProfileView.swift; sourceTree = "<group>"; };
		575C6F622717556D00D776E8 /* NewPostView.swift */ = {isa = PBXFileReference; lastKnownFileType = sourcecode.swift; path = NewPostView.swift; sourceTree = "<group>"; };
		575C6F65271755E700D776E8 /* MainView.swift */ = {isa = PBXFileReference; lastKnownFileType = sourcecode.swift; path = MainView.swift; sourceTree = "<group>"; };
		575C6F67271778D700D776E8 /* Post.swift */ = {isa = PBXFileReference; lastKnownFileType = sourcecode.swift; path = Post.swift; sourceTree = "<group>"; };
		575C6F6927177B3500D776E8 /* PostService.swift */ = {isa = PBXFileReference; lastKnownFileType = sourcecode.swift; path = PostService.swift; sourceTree = "<group>"; };
		575E8FDD2706211200C2D05A /* Gilroy-SemiBold.ttf */ = {isa = PBXFileReference; lastKnownFileType = file; path = "Gilroy-SemiBold.ttf"; sourceTree = "<group>"; };
		575E8FE027062FD800C2D05A /* SignUpView.swift */ = {isa = PBXFileReference; lastKnownFileType = sourcecode.swift; path = SignUpView.swift; sourceTree = "<group>"; };
		575E8FE3270638DD00C2D05A /* ErrorView.swift */ = {isa = PBXFileReference; lastKnownFileType = sourcecode.swift; path = ErrorView.swift; sourceTree = "<group>"; };
		578E41112721601000592D0A /* SearchBar.swift */ = {isa = PBXFileReference; lastKnownFileType = sourcecode.swift; path = SearchBar.swift; sourceTree = "<group>"; };
		578E4114272160C600592D0A /* SearchView.swift */ = {isa = PBXFileReference; lastKnownFileType = sourcecode.swift; path = SearchView.swift; sourceTree = "<group>"; };
		578E41162721663B00592D0A /* SearchService.swift */ = {isa = PBXFileReference; lastKnownFileType = sourcecode.swift; path = SearchService.swift; sourceTree = "<group>"; };
		578E41182721808A00592D0A /* FollowService.swift */ = {isa = PBXFileReference; lastKnownFileType = sourcecode.swift; path = FollowService.swift; sourceTree = "<group>"; };
		578E411A272183B700592D0A /* FollowButton.swift */ = {isa = PBXFileReference; lastKnownFileType = sourcecode.swift; path = FollowButton.swift; sourceTree = "<group>"; };
		578E411D2721860000592D0A /* UserProfileView.swift */ = {isa = PBXFileReference; lastKnownFileType = sourcecode.swift; path = UserProfileView.swift; sourceTree = "<group>"; };
		578E41212721912900592D0A /* MainService.swift */ = {isa = PBXFileReference; lastKnownFileType = sourcecode.swift; path = MainService.swift; sourceTree = "<group>"; };
		578E41232721B06100592D0A /* Comment.swift */ = {isa = PBXFileReference; lastKnownFileType = sourcecode.swift; path = Comment.swift; sourceTree = "<group>"; };
		578E41252721B0D000592D0A /* CommentService.swift */ = {isa = PBXFileReference; lastKnownFileType = sourcecode.swift; path = CommentService.swift; sourceTree = "<group>"; };
		578E41282721B8A000592D0A /* CommentCard.swift */ = {isa = PBXFileReference; lastKnownFileType = sourcecode.swift; path = CommentCard.swift; sourceTree = "<group>"; };
		578E412A2721BA4C00592D0A /* CommentInput.swift */ = {isa = PBXFileReference; lastKnownFileType = sourcecode.swift; path = CommentInput.swift; sourceTree = "<group>"; };
		578E412D2721BC9700592D0A /* CommentView.swift */ = {isa = PBXFileReference; lastKnownFileType = sourcecode.swift; path = CommentView.swift; sourceTree = "<group>"; };
		5798A94B26FB829C00337D7F /* Rapture.app */ = {isa = PBXFileReference; explicitFileType = wrapper.application; includeInIndex = 0; path = Rapture.app; sourceTree = BUILT_PRODUCTS_DIR; };
		5798A94E26FB829C00337D7F /* RaptureApp.swift */ = {isa = PBXFileReference; lastKnownFileType = sourcecode.swift; path = RaptureApp.swift; sourceTree = "<group>"; };
		5798A95026FB829C00337D7F /* ContentView.swift */ = {isa = PBXFileReference; lastKnownFileType = sourcecode.swift; path = ContentView.swift; sourceTree = "<group>"; };
		5798A95226FB829D00337D7F /* Assets.xcassets */ = {isa = PBXFileReference; lastKnownFileType = folder.assetcatalog; path = Assets.xcassets; sourceTree = "<group>"; };
		5798A95526FB829D00337D7F /* Preview Assets.xcassets */ = {isa = PBXFileReference; lastKnownFileType = folder.assetcatalog; path = "Preview Assets.xcassets"; sourceTree = "<group>"; };
		5798A95726FB829D00337D7F /* Info.plist */ = {isa = PBXFileReference; lastKnownFileType = text.plist.xml; path = Info.plist; sourceTree = "<group>"; };
		5798A95D26FB86B900337D7F /* GoogleService-Info.plist */ = {isa = PBXFileReference; fileEncoding = 4; lastKnownFileType = text.plist.xml; path = "GoogleService-Info.plist"; sourceTree = "<group>"; };
		57CC0FBE2704F18000D853CC /* Gilroy-Regular.ttf */ = {isa = PBXFileReference; lastKnownFileType = file; path = "Gilroy-Regular.ttf"; sourceTree = "<group>"; };
		57CC0FBF2704F18100D853CC /* Gilroy-Light.ttf */ = {isa = PBXFileReference; lastKnownFileType = file; path = "Gilroy-Light.ttf"; sourceTree = "<group>"; };
		57CC0FC02704F18100D853CC /* Gilroy-Bold.ttf */ = {isa = PBXFileReference; lastKnownFileType = file; path = "Gilroy-Bold.ttf"; sourceTree = "<group>"; };
		57CC0FC62704F26100D853CC /* OnboardingView.swift */ = {isa = PBXFileReference; lastKnownFileType = sourcecode.swift; path = OnboardingView.swift; sourceTree = "<group>"; };
		57CC0FC92704F39000D853CC /* LaunchScreen.storyboard */ = {isa = PBXFileReference; lastKnownFileType = file.storyboard; path = LaunchScreen.storyboard; sourceTree = "<group>"; };
		57CC0FCB2704F8E500D853CC /* Item.swift */ = {isa = PBXFileReference; lastKnownFileType = sourcecode.swift; path = Item.swift; sourceTree = "<group>"; };
		57CC0FCE2704FD1900D853CC /* OffsetPageTabView.swift */ = {isa = PBXFileReference; lastKnownFileType = sourcecode.swift; path = OffsetPageTabView.swift; sourceTree = "<group>"; };
		6EAE4F06757ADD61CE52D221 /* Pods-Rapture.debug.xcconfig */ = {isa = PBXFileReference; includeInIndex = 1; lastKnownFileType = text.xcconfig; name = "Pods-Rapture.debug.xcconfig"; path = "Target Support Files/Pods-Rapture/Pods-Rapture.debug.xcconfig"; sourceTree = "<group>"; };
		ABF9B8B6F37E51E4AF6C80A2 /* Pods_Rapture.framework */ = {isa = PBXFileReference; explicitFileType = wrapper.framework; includeInIndex = 0; path = Pods_Rapture.framework; sourceTree = BUILT_PRODUCTS_DIR; };
		C929479D618B360CAA2E7059 /* Pods-Rapture.release.xcconfig */ = {isa = PBXFileReference; includeInIndex = 1; lastKnownFileType = text.xcconfig; name = "Pods-Rapture.release.xcconfig"; path = "Target Support Files/Pods-Rapture/Pods-Rapture.release.xcconfig"; sourceTree = "<group>"; };
/* End PBXFileReference section */

/* Begin PBXFrameworksBuildPhase section */
		5798A94826FB829C00337D7F /* Frameworks */ = {
			isa = PBXFrameworksBuildPhase;
			buildActionMask = 2147483647;
			files = (
				001B552835857155C9E31AE4 /* Pods_Rapture.framework in Frameworks */,
			);
			runOnlyForDeploymentPostprocessing = 0;
		};
/* End PBXFrameworksBuildPhase section */

/* Begin PBXGroup section */
		271F30A86734DA766683CC9F /* Pods */ = {
			isa = PBXGroup;
			children = (
				6EAE4F06757ADD61CE52D221 /* Pods-Rapture.debug.xcconfig */,
				C929479D618B360CAA2E7059 /* Pods-Rapture.release.xcconfig */,
			);
			path = Pods;
			sourceTree = "<group>";
		};
		4452C0953B0806DA09B6F8A9 /* Frameworks */ = {
			isa = PBXGroup;
			children = (
				ABF9B8B6F37E51E4AF6C80A2 /* Pods_Rapture.framework */,
			);
			name = Frameworks;
			sourceTree = "<group>";
		};
		57289F6E270E354B001D4CD7 /* ViewModel */ = {
			isa = PBXGroup;
			children = (
			);
			path = ViewModel;
			sourceTree = "<group>";
		};
		57289F74270E382C001D4CD7 /* ImagePicker */ = {
			isa = PBXGroup;
			children = (
				57289F75270E383B001D4CD7 /* ImagePicker.swift */,
			);
			path = ImagePicker;
			sourceTree = "<group>";
		};
		57289F7C270F0A45001D4CD7 /* Services */ = {
			isa = PBXGroup;
			children = (
				57289F7D270F0A6E001D4CD7 /* AuthService.swift */,
				57289F7F270F0A87001D4CD7 /* StorageService.swift */,
				57289F86270F1A9F001D4CD7 /* SessionStore.swift */,
				575C6F6927177B3500D776E8 /* PostService.swift */,
				573240332718611E000DA117 /* PostCardService.swift */,
				57324035271869D0000DA117 /* ProfileService.swift */,
				578E41162721663B00592D0A /* SearchService.swift */,
				578E41182721808A00592D0A /* FollowService.swift */,
				578E41212721912900592D0A /* MainService.swift */,
				578E41252721B0D000592D0A /* CommentService.swift */,
			);
			path = Services;
			sourceTree = "<group>";
		};
		57289F83270F15D5001D4CD7 /* Utilities */ = {
			isa = PBXGroup;
			children = (
				57289F84270F15E3001D4CD7 /* Extensions.swift */,
			);
			path = Utilities;
			sourceTree = "<group>";
		};
		5732403027184E44000DA117 /* Components */ = {
			isa = PBXGroup;
			children = (
				5732403127184E51000DA117 /* ProfileHeader.swift */,
				5732403A27186E85000DA117 /* PostCard.swift */,
				578E41112721601000592D0A /* SearchBar.swift */,
				578E411A272183B700592D0A /* FollowButton.swift */,
				578E41282721B8A000592D0A /* CommentCard.swift */,
				578E412A2721BA4C00592D0A /* CommentInput.swift */,
			);
			path = Components;
			sourceTree = "<group>";
		};
		5732403727186B50000DA117 /* PostCardView */ = {
			isa = PBXGroup;
			children = (
				5732403827186B6E000DA117 /* PostCardView.swift */,
			);
			path = PostCardView;
			sourceTree = "<group>";
		};
		57423503270526B100BA2B23 /* HomeView */ = {
			isa = PBXGroup;
			children = (
				5742350127051B3A00BA2B23 /* HomeView.swift */,
			);
			path = HomeView;
			sourceTree = "<group>";
		};
		57423504270526E500BA2B23 /* SignInView */ = {
			isa = PBXGroup;
			children = (
				57423505270526FA00BA2B23 /* SignInView.swift */,
			);
			path = SignInView;
			sourceTree = "<group>";
		};
		575C6F5E271754E800D776E8 /* ProfileView */ = {
			isa = PBXGroup;
			children = (
				575C6F5F271754F800D776E8 /* ProfileView.swift */,
			);
			path = ProfileView;
			sourceTree = "<group>";
		};
		575C6F612717551400D776E8 /* NewPostView */ = {
			isa = PBXGroup;
			children = (
				575C6F622717556D00D776E8 /* NewPostView.swift */,
			);
			path = NewPostView;
			sourceTree = "<group>";
		};
		575C6F64271755D800D776E8 /* MainView */ = {
			isa = PBXGroup;
			children = (
				575C6F65271755E700D776E8 /* MainView.swift */,
			);
			path = MainView;
			sourceTree = "<group>";
		};
		575E8FDF27062FC300C2D05A /* SignUpView */ = {
			isa = PBXGroup;
			children = (
				575E8FE027062FD800C2D05A /* SignUpView.swift */,
			);
			path = SignUpView;
			sourceTree = "<group>";
		};
		575E8FE2270638C600C2D05A /* ErrorView */ = {
			isa = PBXGroup;
			children = (
				575E8FE3270638DD00C2D05A /* ErrorView.swift */,
			);
			path = ErrorView;
			sourceTree = "<group>";
		};
		578E4113272160B400592D0A /* SearchView */ = {
			isa = PBXGroup;
			children = (
				578E4114272160C600592D0A /* SearchView.swift */,
			);
			path = SearchView;
			sourceTree = "<group>";
		};
		578E411C272185EE00592D0A /* UserProfileView */ = {
			isa = PBXGroup;
			children = (
				578E411D2721860000592D0A /* UserProfileView.swift */,
			);
			path = UserProfileView;
			sourceTree = "<group>";
		};
		578E412C2721BC8C00592D0A /* CommentView */ = {
			isa = PBXGroup;
			children = (
				578E412D2721BC9700592D0A /* CommentView.swift */,
			);
			path = CommentView;
			sourceTree = "<group>";
		};
		5798A94226FB829C00337D7F = {
			isa = PBXGroup;
			children = (
				5798A94D26FB829C00337D7F /* Rapture */,
				5798A94C26FB829C00337D7F /* Products */,
				271F30A86734DA766683CC9F /* Pods */,
				4452C0953B0806DA09B6F8A9 /* Frameworks */,
			);
			sourceTree = "<group>";
		};
		5798A94C26FB829C00337D7F /* Products */ = {
			isa = PBXGroup;
			children = (
				5798A94B26FB829C00337D7F /* Rapture.app */,
			);
			name = Products;
			sourceTree = "<group>";
		};
		5798A94D26FB829C00337D7F /* Rapture */ = {
			isa = PBXGroup;
			children = (
				5732403027184E44000DA117 /* Components */,
				57289F83270F15D5001D4CD7 /* Utilities */,
				57289F7C270F0A45001D4CD7 /* Services */,
				57289F6E270E354B001D4CD7 /* ViewModel */,
				57CC0FC82704F38200D853CC /* Launch */,
				57CC0FC52704F24800D853CC /* Model */,
				57CC0FC42704F22D00D853CC /* View */,
				57CC0FBD2704F07300D853CC /* Fonts */,
				5798A95D26FB86B900337D7F /* GoogleService-Info.plist */,
				5798A94E26FB829C00337D7F /* RaptureApp.swift */,
				5798A95026FB829C00337D7F /* ContentView.swift */,
				5798A95226FB829D00337D7F /* Assets.xcassets */,
				5798A95726FB829D00337D7F /* Info.plist */,
				5798A95426FB829D00337D7F /* Preview Content */,
			);
			path = Rapture;
			sourceTree = "<group>";
		};
		5798A95426FB829D00337D7F /* Preview Content */ = {
			isa = PBXGroup;
			children = (
				5798A95526FB829D00337D7F /* Preview Assets.xcassets */,
			);
			path = "Preview Content";
			sourceTree = "<group>";
		};
		57CC0FBD2704F07300D853CC /* Fonts */ = {
			isa = PBXGroup;
			children = (
				575E8FDD2706211200C2D05A /* Gilroy-SemiBold.ttf */,
				57CC0FC02704F18100D853CC /* Gilroy-Bold.ttf */,
				57CC0FBF2704F18100D853CC /* Gilroy-Light.ttf */,
				57CC0FBE2704F18000D853CC /* Gilroy-Regular.ttf */,
			);
			path = Fonts;
			sourceTree = "<group>";
		};
		57CC0FC42704F22D00D853CC /* View */ = {
			isa = PBXGroup;
			children = (
				578E412C2721BC8C00592D0A /* CommentView */,
				578E411C272185EE00592D0A /* UserProfileView */,
				578E4113272160B400592D0A /* SearchView */,
				5732403727186B50000DA117 /* PostCardView */,
				575C6F64271755D800D776E8 /* MainView */,
				575C6F612717551400D776E8 /* NewPostView */,
				575C6F5E271754E800D776E8 /* ProfileView */,
				57289F74270E382C001D4CD7 /* ImagePicker */,
				575E8FE2270638C600C2D05A /* ErrorView */,
				575E8FDF27062FC300C2D05A /* SignUpView */,
				57423504270526E500BA2B23 /* SignInView */,
				57423503270526B100BA2B23 /* HomeView */,
				57CC0FCD2704FCF800D853CC /* Onboarding */,
			);
			path = View;
			sourceTree = "<group>";
		};
		57CC0FC52704F24800D853CC /* Model */ = {
			isa = PBXGroup;
			children = (
				57CC0FCB2704F8E500D853CC /* Item.swift */,
				57289F81270F1565001D4CD7 /* User.swift */,
				575C6F67271778D700D776E8 /* Post.swift */,
				578E41232721B06100592D0A /* Comment.swift */,
			);
			path = Model;
			sourceTree = "<group>";
		};
		57CC0FC82704F38200D853CC /* Launch */ = {
			isa = PBXGroup;
			children = (
				57CC0FC92704F39000D853CC /* LaunchScreen.storyboard */,
			);
			path = Launch;
			sourceTree = "<group>";
		};
		57CC0FCD2704FCF800D853CC /* Onboarding */ = {
			isa = PBXGroup;
			children = (
				57CC0FC62704F26100D853CC /* OnboardingView.swift */,
				57CC0FD02704FD1D00D853CC /* OffsetPageTabView */,
			);
			path = Onboarding;
			sourceTree = "<group>";
		};
		57CC0FD02704FD1D00D853CC /* OffsetPageTabView */ = {
			isa = PBXGroup;
			children = (
				57CC0FCE2704FD1900D853CC /* OffsetPageTabView.swift */,
			);
			path = OffsetPageTabView;
			sourceTree = "<group>";
		};
/* End PBXGroup section */

/* Begin PBXNativeTarget section */
		5798A94A26FB829C00337D7F /* Rapture */ = {
			isa = PBXNativeTarget;
			buildConfigurationList = 5798A95A26FB829D00337D7F /* Build configuration list for PBXNativeTarget "Rapture" */;
			buildPhases = (
				81E175D18B5ABE756CD754F6 /* [CP] Check Pods Manifest.lock */,
				5798A94726FB829C00337D7F /* Sources */,
				5798A94826FB829C00337D7F /* Frameworks */,
				5798A94926FB829C00337D7F /* Resources */,
				877CC4B17CB132BF685E2EFB /* [CP] Embed Pods Frameworks */,
			);
			buildRules = (
			);
			dependencies = (
			);
			name = Rapture;
			productName = Rapture;
			productReference = 5798A94B26FB829C00337D7F /* Rapture.app */;
			productType = "com.apple.product-type.application";
		};
/* End PBXNativeTarget section */

/* Begin PBXProject section */
		5798A94326FB829C00337D7F /* Project object */ = {
			isa = PBXProject;
			attributes = {
				LastSwiftUpdateCheck = 1250;
				LastUpgradeCheck = 1250;
				TargetAttributes = {
					5798A94A26FB829C00337D7F = {
						CreatedOnToolsVersion = 12.5.1;
					};
				};
			};
			buildConfigurationList = 5798A94626FB829C00337D7F /* Build configuration list for PBXProject "Rapture" */;
			compatibilityVersion = "Xcode 9.3";
			developmentRegion = en;
			hasScannedForEncodings = 0;
			knownRegions = (
				en,
				Base,
			);
			mainGroup = 5798A94226FB829C00337D7F;
			productRefGroup = 5798A94C26FB829C00337D7F /* Products */;
			projectDirPath = "";
			projectRoot = "";
			targets = (
				5798A94A26FB829C00337D7F /* Rapture */,
			);
		};
/* End PBXProject section */

/* Begin PBXResourcesBuildPhase section */
		5798A94926FB829C00337D7F /* Resources */ = {
			isa = PBXResourcesBuildPhase;
			buildActionMask = 2147483647;
			files = (
				5798A95626FB829D00337D7F /* Preview Assets.xcassets in Resources */,
				575E8FDE2706211200C2D05A /* Gilroy-SemiBold.ttf in Resources */,
				5798A95326FB829D00337D7F /* Assets.xcassets in Resources */,
				5798A95E26FB86B900337D7F /* GoogleService-Info.plist in Resources */,
				57CC0FC32704F18100D853CC /* Gilroy-Bold.ttf in Resources */,
				57CC0FCA2704F39000D853CC /* LaunchScreen.storyboard in Resources */,
				57CC0FC22704F18100D853CC /* Gilroy-Light.ttf in Resources */,
				57CC0FC12704F18100D853CC /* Gilroy-Regular.ttf in Resources */,
			);
			runOnlyForDeploymentPostprocessing = 0;
		};
/* End PBXResourcesBuildPhase section */

/* Begin PBXShellScriptBuildPhase section */
		81E175D18B5ABE756CD754F6 /* [CP] Check Pods Manifest.lock */ = {
			isa = PBXShellScriptBuildPhase;
			buildActionMask = 2147483647;
			files = (
			);
			inputFileListPaths = (
			);
			inputPaths = (
				"${PODS_PODFILE_DIR_PATH}/Podfile.lock",
				"${PODS_ROOT}/Manifest.lock",
			);
			name = "[CP] Check Pods Manifest.lock";
			outputFileListPaths = (
			);
			outputPaths = (
				"$(DERIVED_FILE_DIR)/Pods-Rapture-checkManifestLockResult.txt",
			);
			runOnlyForDeploymentPostprocessing = 0;
			shellPath = /bin/sh;
			shellScript = "diff \"${PODS_PODFILE_DIR_PATH}/Podfile.lock\" \"${PODS_ROOT}/Manifest.lock\" > /dev/null\nif [ $? != 0 ] ; then\n    # print error to STDERR\n    echo \"error: The sandbox is not in sync with the Podfile.lock. Run 'pod install' or update your CocoaPods installation.\" >&2\n    exit 1\nfi\n# This output is used by Xcode 'outputs' to avoid re-running this script phase.\necho \"SUCCESS\" > \"${SCRIPT_OUTPUT_FILE_0}\"\n";
			showEnvVarsInLog = 0;
		};
		877CC4B17CB132BF685E2EFB /* [CP] Embed Pods Frameworks */ = {
			isa = PBXShellScriptBuildPhase;
			buildActionMask = 2147483647;
			files = (
			);
			inputFileListPaths = (
				"${PODS_ROOT}/Target Support Files/Pods-Rapture/Pods-Rapture-frameworks-${CONFIGURATION}-input-files.xcfilelist",
			);
			name = "[CP] Embed Pods Frameworks";
			outputFileListPaths = (
				"${PODS_ROOT}/Target Support Files/Pods-Rapture/Pods-Rapture-frameworks-${CONFIGURATION}-output-files.xcfilelist",
			);
			runOnlyForDeploymentPostprocessing = 0;
			shellPath = /bin/sh;
			shellScript = "\"${PODS_ROOT}/Target Support Files/Pods-Rapture/Pods-Rapture-frameworks.sh\"\n";
			showEnvVarsInLog = 0;
		};
/* End PBXShellScriptBuildPhase section */

/* Begin PBXSourcesBuildPhase section */
		5798A94726FB829C00337D7F /* Sources */ = {
			isa = PBXSourcesBuildPhase;
			buildActionMask = 2147483647;
			files = (
				5732403927186B6E000DA117 /* PostCardView.swift in Sources */,
				57CC0FCC2704F8E500D853CC /* Item.swift in Sources */,
				578E41222721912900592D0A /* MainService.swift in Sources */,
				575C6F66271755E700D776E8 /* MainView.swift in Sources */,
				578E412E2721BC9700592D0A /* CommentView.swift in Sources */,
				57423506270526FA00BA2B23 /* SignInView.swift in Sources */,
				5798A95126FB829C00337D7F /* ContentView.swift in Sources */,
				57289F7E270F0A6E001D4CD7 /* AuthService.swift in Sources */,
				57CC0FCF2704FD1900D853CC /* OffsetPageTabView.swift in Sources */,
				57289F82270F1565001D4CD7 /* User.swift in Sources */,
				575E8FE127062FD800C2D05A /* SignUpView.swift in Sources */,
				578E41292721B8A000592D0A /* CommentCard.swift in Sources */,
				5732403B27186E85000DA117 /* PostCard.swift in Sources */,
				57324036271869D0000DA117 /* ProfileService.swift in Sources */,
				57289F80270F0A87001D4CD7 /* StorageService.swift in Sources */,
				575C6F60271754F800D776E8 /* ProfileView.swift in Sources */,
				578E41122721601000592D0A /* SearchBar.swift in Sources */,
				57CC0FC72704F26100D853CC /* OnboardingView.swift in Sources */,
				57289F76270E383B001D4CD7 /* ImagePicker.swift in Sources */,
				5742350227051B3A00BA2B23 /* HomeView.swift in Sources */,
				57289F87270F1A9F001D4CD7 /* SessionStore.swift in Sources */,
				5732403227184E51000DA117 /* ProfileHeader.swift in Sources */,
				578E4115272160C600592D0A /* SearchView.swift in Sources */,
				575C6F632717556D00D776E8 /* NewPostView.swift in Sources */,
				575C6F6A27177B3500D776E8 /* PostService.swift in Sources */,
				578E411E2721860000592D0A /* UserProfileView.swift in Sources */,
				573240342718611E000DA117 /* PostCardService.swift in Sources */,
				578E41192721808A00592D0A /* FollowService.swift in Sources */,
				575E8FE4270638DD00C2D05A /* ErrorView.swift in Sources */,
				578E412B2721BA4C00592D0A /* CommentInput.swift in Sources */,
				575C6F68271778D700D776E8 /* Post.swift in Sources */,
				578E411B272183B700592D0A /* FollowButton.swift in Sources */,
				578E41172721663B00592D0A /* SearchService.swift in Sources */,
				5798A94F26FB829C00337D7F /* RaptureApp.swift in Sources */,
				578E41262721B0D000592D0A /* CommentService.swift in Sources */,
				578E41242721B06100592D0A /* Comment.swift in Sources */,
				57289F85270F15E3001D4CD7 /* Extensions.swift in Sources */,
			);
			runOnlyForDeploymentPostprocessing = 0;
		};
/* End PBXSourcesBuildPhase section */

/* Begin XCBuildConfiguration section */
		5798A95826FB829D00337D7F /* Debug */ = {
			isa = XCBuildConfiguration;
			buildSettings = {
				ALWAYS_SEARCH_USER_PATHS = NO;
				CLANG_ANALYZER_NONNULL = YES;
				CLANG_ANALYZER_NUMBER_OBJECT_CONVERSION = YES_AGGRESSIVE;
				CLANG_CXX_LANGUAGE_STANDARD = "gnu++14";
				CLANG_CXX_LIBRARY = "libc++";
				CLANG_ENABLE_MODULES = YES;
				CLANG_ENABLE_OBJC_ARC = YES;
				CLANG_ENABLE_OBJC_WEAK = YES;
				CLANG_WARN_BLOCK_CAPTURE_AUTORELEASING = YES;
				CLANG_WARN_BOOL_CONVERSION = YES;
				CLANG_WARN_COMMA = YES;
				CLANG_WARN_CONSTANT_CONVERSION = YES;
				CLANG_WARN_DEPRECATED_OBJC_IMPLEMENTATIONS = YES;
				CLANG_WARN_DIRECT_OBJC_ISA_USAGE = YES_ERROR;
				CLANG_WARN_DOCUMENTATION_COMMENTS = YES;
				CLANG_WARN_EMPTY_BODY = YES;
				CLANG_WARN_ENUM_CONVERSION = YES;
				CLANG_WARN_INFINITE_RECURSION = YES;
				CLANG_WARN_INT_CONVERSION = YES;
				CLANG_WARN_NON_LITERAL_NULL_CONVERSION = YES;
				CLANG_WARN_OBJC_IMPLICIT_RETAIN_SELF = YES;
				CLANG_WARN_OBJC_LITERAL_CONVERSION = YES;
				CLANG_WARN_OBJC_ROOT_CLASS = YES_ERROR;
				CLANG_WARN_QUOTED_INCLUDE_IN_FRAMEWORK_HEADER = YES;
				CLANG_WARN_RANGE_LOOP_ANALYSIS = YES;
				CLANG_WARN_STRICT_PROTOTYPES = YES;
				CLANG_WARN_SUSPICIOUS_MOVE = YES;
				CLANG_WARN_UNGUARDED_AVAILABILITY = YES_AGGRESSIVE;
				CLANG_WARN_UNREACHABLE_CODE = YES;
				CLANG_WARN__DUPLICATE_METHOD_MATCH = YES;
				COPY_PHASE_STRIP = NO;
				DEBUG_INFORMATION_FORMAT = dwarf;
				ENABLE_STRICT_OBJC_MSGSEND = YES;
				ENABLE_TESTABILITY = YES;
				GCC_C_LANGUAGE_STANDARD = gnu11;
				GCC_DYNAMIC_NO_PIC = NO;
				GCC_NO_COMMON_BLOCKS = YES;
				GCC_OPTIMIZATION_LEVEL = 0;
				GCC_PREPROCESSOR_DEFINITIONS = (
					"DEBUG=1",
					"$(inherited)",
				);
				GCC_WARN_64_TO_32_BIT_CONVERSION = YES;
				GCC_WARN_ABOUT_RETURN_TYPE = YES_ERROR;
				GCC_WARN_UNDECLARED_SELECTOR = YES;
				GCC_WARN_UNINITIALIZED_AUTOS = YES_AGGRESSIVE;
				GCC_WARN_UNUSED_FUNCTION = YES;
				GCC_WARN_UNUSED_VARIABLE = YES;
				IPHONEOS_DEPLOYMENT_TARGET = 14.5;
				MTL_ENABLE_DEBUG_INFO = INCLUDE_SOURCE;
				MTL_FAST_MATH = YES;
				ONLY_ACTIVE_ARCH = YES;
				SDKROOT = iphoneos;
				SWIFT_ACTIVE_COMPILATION_CONDITIONS = DEBUG;
				SWIFT_OPTIMIZATION_LEVEL = "-Onone";
			};
			name = Debug;
		};
		5798A95926FB829D00337D7F /* Release */ = {
			isa = XCBuildConfiguration;
			buildSettings = {
				ALWAYS_SEARCH_USER_PATHS = NO;
				CLANG_ANALYZER_NONNULL = YES;
				CLANG_ANALYZER_NUMBER_OBJECT_CONVERSION = YES_AGGRESSIVE;
				CLANG_CXX_LANGUAGE_STANDARD = "gnu++14";
				CLANG_CXX_LIBRARY = "libc++";
				CLANG_ENABLE_MODULES = YES;
				CLANG_ENABLE_OBJC_ARC = YES;
				CLANG_ENABLE_OBJC_WEAK = YES;
				CLANG_WARN_BLOCK_CAPTURE_AUTORELEASING = YES;
				CLANG_WARN_BOOL_CONVERSION = YES;
				CLANG_WARN_COMMA = YES;
				CLANG_WARN_CONSTANT_CONVERSION = YES;
				CLANG_WARN_DEPRECATED_OBJC_IMPLEMENTATIONS = YES;
				CLANG_WARN_DIRECT_OBJC_ISA_USAGE = YES_ERROR;
				CLANG_WARN_DOCUMENTATION_COMMENTS = YES;
				CLANG_WARN_EMPTY_BODY = YES;
				CLANG_WARN_ENUM_CONVERSION = YES;
				CLANG_WARN_INFINITE_RECURSION = YES;
				CLANG_WARN_INT_CONVERSION = YES;
				CLANG_WARN_NON_LITERAL_NULL_CONVERSION = YES;
				CLANG_WARN_OBJC_IMPLICIT_RETAIN_SELF = YES;
				CLANG_WARN_OBJC_LITERAL_CONVERSION = YES;
				CLANG_WARN_OBJC_ROOT_CLASS = YES_ERROR;
				CLANG_WARN_QUOTED_INCLUDE_IN_FRAMEWORK_HEADER = YES;
				CLANG_WARN_RANGE_LOOP_ANALYSIS = YES;
				CLANG_WARN_STRICT_PROTOTYPES = YES;
				CLANG_WARN_SUSPICIOUS_MOVE = YES;
				CLANG_WARN_UNGUARDED_AVAILABILITY = YES_AGGRESSIVE;
				CLANG_WARN_UNREACHABLE_CODE = YES;
				CLANG_WARN__DUPLICATE_METHOD_MATCH = YES;
				COPY_PHASE_STRIP = NO;
				DEBUG_INFORMATION_FORMAT = "dwarf-with-dsym";
				ENABLE_NS_ASSERTIONS = NO;
				ENABLE_STRICT_OBJC_MSGSEND = YES;
				GCC_C_LANGUAGE_STANDARD = gnu11;
				GCC_NO_COMMON_BLOCKS = YES;
				GCC_WARN_64_TO_32_BIT_CONVERSION = YES;
				GCC_WARN_ABOUT_RETURN_TYPE = YES_ERROR;
				GCC_WARN_UNDECLARED_SELECTOR = YES;
				GCC_WARN_UNINITIALIZED_AUTOS = YES_AGGRESSIVE;
				GCC_WARN_UNUSED_FUNCTION = YES;
				GCC_WARN_UNUSED_VARIABLE = YES;
				IPHONEOS_DEPLOYMENT_TARGET = 14.5;
				MTL_ENABLE_DEBUG_INFO = NO;
				MTL_FAST_MATH = YES;
				SDKROOT = iphoneos;
				SWIFT_COMPILATION_MODE = wholemodule;
				SWIFT_OPTIMIZATION_LEVEL = "-O";
				VALIDATE_PRODUCT = YES;
			};
			name = Release;
		};
		5798A95B26FB829D00337D7F /* Debug */ = {
			isa = XCBuildConfiguration;
			baseConfigurationReference = 6EAE4F06757ADD61CE52D221 /* Pods-Rapture.debug.xcconfig */;
			buildSettings = {
				ASSETCATALOG_COMPILER_APPICON_NAME = AppIcon;
				ASSETCATALOG_COMPILER_GLOBAL_ACCENT_COLOR_NAME = AccentColor;
				CODE_SIGN_STYLE = Automatic;
				DEVELOPMENT_ASSET_PATHS = "\"Rapture/Preview Content\"";
				DEVELOPMENT_TEAM = NY29KDUYP3;
				ENABLE_PREVIEWS = YES;
				INFOPLIST_FILE = Rapture/Info.plist;
				IPHONEOS_DEPLOYMENT_TARGET = 14.0;
				LD_RUNPATH_SEARCH_PATHS = (
					"$(inherited)",
					"@executable_path/Frameworks",
				);
				PRODUCT_BUNDLE_IDENTIFIER = com.openwindow.Rapture;
				PRODUCT_NAME = "$(TARGET_NAME)";
				SWIFT_VERSION = 5.0;
				TARGETED_DEVICE_FAMILY = "1,2";
			};
			name = Debug;
		};
		5798A95C26FB829D00337D7F /* Release */ = {
			isa = XCBuildConfiguration;
			baseConfigurationReference = C929479D618B360CAA2E7059 /* Pods-Rapture.release.xcconfig */;
			buildSettings = {
				ASSETCATALOG_COMPILER_APPICON_NAME = AppIcon;
				ASSETCATALOG_COMPILER_GLOBAL_ACCENT_COLOR_NAME = AccentColor;
				CODE_SIGN_STYLE = Automatic;
				DEVELOPMENT_ASSET_PATHS = "\"Rapture/Preview Content\"";
				DEVELOPMENT_TEAM = NY29KDUYP3;
				ENABLE_PREVIEWS = YES;
				INFOPLIST_FILE = Rapture/Info.plist;
				IPHONEOS_DEPLOYMENT_TARGET = 14.0;
				LD_RUNPATH_SEARCH_PATHS = (
					"$(inherited)",
					"@executable_path/Frameworks",
				);
				PRODUCT_BUNDLE_IDENTIFIER = com.openwindow.Rapture;
				PRODUCT_NAME = "$(TARGET_NAME)";
				SWIFT_VERSION = 5.0;
				TARGETED_DEVICE_FAMILY = "1,2";
			};
			name = Release;
		};
/* End XCBuildConfiguration section */

/* Begin XCConfigurationList section */
		5798A94626FB829C00337D7F /* Build configuration list for PBXProject "Rapture" */ = {
			isa = XCConfigurationList;
			buildConfigurations = (
				5798A95826FB829D00337D7F /* Debug */,
				5798A95926FB829D00337D7F /* Release */,
			);
			defaultConfigurationIsVisible = 0;
			defaultConfigurationName = Release;
		};
		5798A95A26FB829D00337D7F /* Build configuration list for PBXNativeTarget "Rapture" */ = {
			isa = XCConfigurationList;
			buildConfigurations = (
				5798A95B26FB829D00337D7F /* Debug */,
				5798A95C26FB829D00337D7F /* Release */,
			);
			defaultConfigurationIsVisible = 0;
			defaultConfigurationName = Release;
		};
/* End XCConfigurationList section */
	};
	rootObject = 5798A94326FB829C00337D7F /* Project object */;
}
